
Microsoft Visual Studio Solution File, Format Version 12.00
# Visual Studio Version 17
VisualStudioVersion = 17.14.36908.2
MinimumVisualStudioVersion = 10.0.40219.1
Project("{8BC9CEB8-8B4A-11D0-8D11-00A0C91BC942}") = "CompilerTest", "CompilerTest\CompilerTest.vcxproj", "{96C38B00-0B42-42C2-A646-8A25E518D2DA}"
EndProject
Project("{8BC9CEB8-8B4A-11D0-8D11-00A0C91BC942}") = "InlineFunction", "InlineFunction\InlineFunction.vcxproj", "{000E2989-9FF4-4677-AB3E-EE6E4358F91F}"
EndProject
Project("{8BC9CEB8-8B4A-11D0-8D11-00A0C91BC942}") = "Pointer", "Pointer\Pointer.vcxproj", "{49C8A6D9-7040-494A-99D5-B9722F1BC925}"
EndProject
Project("{8BC9CEB8-8B4A-11D0-8D11-00A0C91BC942}") = "Reference", "Reference\Reference.vcxproj", "{E19BC816-265F-48F1-9493-649A328056C3}"
EndProject
Project("{8BC9CEB8-8B4A-11D0-8D11-00A0C91BC942}") = "Array", "Array\Array.vcxproj", "{487A123C-3F52-45E5-BC1A-7B1D4A6C7F48}"
EndProject
Project("{8BC9CEB8-8B4A-11D0-8D11-00A0C91BC942}") = "String", "String\String.vcxproj", "{71A27CC4-479F-4C30-BF25-C0B4A62348F0}"
EndProject
Project("{8BC9CEB8-8B4A-11D0-8D11-00A0C91BC942}") = "Class", "Class\Class.vcxproj", "{E9709B15-4329-4C46-A1CF-1357F28ED305}"
EndProject
Project("{8BC9CEB8-8B4A-11D0-8D11-00A0C91BC942}") = "ClassAndArray", "ClassAndArray\ClassAndArray.vcxproj", "{824B45BD-CB24-4BB1-8042-69EFF4584CFB}"
EndProject
Project("{8BC9CEB8-8B4A-11D0-8D11-00A0C91BC942}") = "FriendKeyword", "FriendKeyword\FriendKeyword.vcxproj", "{D943059A-62A6-4389-80D5-0524E8899196}"
EndProject
Project("{8BC9CEB8-8B4A-11D0-8D11-00A0C91BC942}") = "ForwardDeclaration", "ForwardDeclaration\ForwardDeclaration.vcxproj", "{07C1D98D-E689-45C9-993E-A7F1EF8AD111}"
EndProject
Project("{8BC9CEB8-8B4A-11D0-8D11-00A0C91BC942}") = "ForwardDeclaration2", "ForwardDeclaration2\ForwardDeclaration2.vcxproj", "{B72E8D96-BAEF-4CFE-A083-5D9ABD70026C}"
EndProject
Project("{8BC9CEB8-8B4A-11D0-8D11-00A0C91BC942}") = "Inheritance", "Inheritance\Inheritance.vcxproj", "{1E8E3F68-BFDB-4CDE-AE61-250465BA863C}"
EndProject
Project("{8BC9CEB8-8B4A-11D0-8D11-00A0C91BC942}") = "Polymorphism", "Polymorphism\Polymorphism.vcxproj", "{F51394D8-7B75-4242-817F-C7A27EAF6790}"
EndProject
Project("{8BC9CEB8-8B4A-11D0-8D11-00A0C91BC942}") = "OperatorOverloading", "OperatorOverloading\OperatorOverloading.vcxproj", "{45535810-ED05-4B0D-9733-67F86445EC0A}"
EndProject
Project("{8BC9CEB8-8B4A-11D0-8D11-00A0C91BC942}") = "TypeCasting", "TypeCasting\TypeCasting.vcxproj", "{E4D2A9F4-E409-40C7-9177-E579FE1D63F4}"
EndProject
Project("{8BC9CEB8-8B4A-11D0-8D11-00A0C91BC942}") = "Template", "Template\Template.vcxproj", "{67D976D0-2222-4E5B-B5E4-0A549F69D30E}"
EndProject
Project("{8BC9CEB8-8B4A-11D0-8D11-00A0C91BC942}") = "FileIO", "FileIO\FileIO.vcxproj", "{581E1204-ADF1-48D8-A137-81C8197F0EF7}"
EndProject
Global
	GlobalSection(SolutionConfigurationPlatforms) = preSolution
		Debug|x64 = Debug|x64
		Debug|x86 = Debug|x86
		Release|x64 = Release|x64
		Release|x86 = Release|x86
	EndGlobalSection
	GlobalSection(ProjectConfigurationPlatforms) = postSolution
		{96C38B00-0B42-42C2-A646-8A25E518D2DA}.Debug|x64.ActiveCfg = Debug|x64
		{96C38B00-0B42-42C2-A646-8A25E518D2DA}.Debug|x64.Build.0 = Debug|x64
		{96C38B00-0B42-42C2-A646-8A25E518D2DA}.Debug|x86.ActiveCfg = Debug|Win32
		{96C38B00-0B42-42C2-A646-8A25E518D2DA}.Debug|x86.Build.0 = Debug|Win32
		{96C38B00-0B42-42C2-A646-8A25E518D2DA}.Release|x64.ActiveCfg = Release|x64
		{96C38B00-0B42-42C2-A646-8A25E518D2DA}.Release|x64.Build.0 = Release|x64
		{96C38B00-0B42-42C2-A646-8A25E518D2DA}.Release|x86.ActiveCfg = Release|Win32
		{96C38B00-0B42-42C2-A646-8A25E518D2DA}.Release|x86.Build.0 = Release|Win32
		{000E2989-9FF4-4677-AB3E-EE6E4358F91F}.Debug|x64.ActiveCfg = Debug|x64
		{000E2989-9FF4-4677-AB3E-EE6E4358F91F}.Debug|x64.Build.0 = Debug|x64
		{000E2989-9FF4-4677-AB3E-EE6E4358F91F}.Debug|x86.ActiveCfg = Debug|Win32
		{000E2989-9FF4-4677-AB3E-EE6E4358F91F}.Debug|x86.Build.0 = Debug|Win32
		{000E2989-9FF4-4677-AB3E-EE6E4358F91F}.Release|x64.ActiveCfg = Release|x64
		{000E2989-9FF4-4677-AB3E-EE6E4358F91F}.Release|x64.Build.0 = Release|x64
		{000E2989-9FF4-4677-AB3E-EE6E4358F91F}.Release|x86.ActiveCfg = Release|Win32
		{000E2989-9FF4-4677-AB3E-EE6E4358F91F}.Release|x86.Build.0 = Release|Win32
		{49C8A6D9-7040-494A-99D5-B9722F1BC925}.Debug|x64.ActiveCfg = Debug|x64
		{49C8A6D9-7040-494A-99D5-B9722F1BC925}.Debug|x64.Build.0 = Debug|x64
		{49C8A6D9-7040-494A-99D5-B9722F1BC925}.Debug|x86.ActiveCfg = Debug|Win32
		{49C8A6D9-7040-494A-99D5-B9722F1BC925}.Debug|x86.Build.0 = Debug|Win32
		{49C8A6D9-7040-494A-99D5-B9722F1BC925}.Release|x64.ActiveCfg = Release|x64
		{49C8A6D9-7040-494A-99D5-B9722F1BC925}.Release|x64.Build.0 = Release|x64
		{49C8A6D9-7040-494A-99D5-B9722F1BC925}.Release|x86.ActiveCfg = Release|Win32
		{49C8A6D9-7040-494A-99D5-B9722F1BC925}.Release|x86.Build.0 = Release|Win32
		{E19BC816-265F-48F1-9493-649A328056C3}.Debug|x64.ActiveCfg = Debug|x64
		{E19BC816-265F-48F1-9493-649A328056C3}.Debug|x64.Build.0 = Debug|x64
		{E19BC816-265F-48F1-9493-649A328056C3}.Debug|x86.ActiveCfg = Debug|Win32
		{E19BC816-265F-48F1-9493-649A328056C3}.Debug|x86.Build.0 = Debug|Win32
		{E19BC816-265F-48F1-9493-649A328056C3}.Release|x64.ActiveCfg = Release|x64
		{E19BC816-265F-48F1-9493-649A328056C3}.Release|x64.Build.0 = Release|x64
		{E19BC816-265F-48F1-9493-649A328056C3}.Release|x86.ActiveCfg = Release|Win32
		{E19BC816-265F-48F1-9493-649A328056C3}.Release|x86.Build.0 = Release|Win32
		{487A123C-3F52-45E5-BC1A-7B1D4A6C7F48}.Debug|x64.ActiveCfg = Debug|x64
		{487A123C-3F52-45E5-BC1A-7B1D4A6C7F48}.Debug|x64.Build.0 = Debug|x64
		{487A123C-3F52-45E5-BC1A-7B1D4A6C7F48}.Debug|x86.ActiveCfg = Debug|Win32
		{487A123C-3F52-45E5-BC1A-7B1D4A6C7F48}.Debug|x86.Build.0 = Debug|Win32
		{487A123C-3F52-45E5-BC1A-7B1D4A6C7F48}.Release|x64.ActiveCfg = Release|x64
		{487A123C-3F52-45E5-BC1A-7B1D4A6C7F48}.Release|x64.Build.0 = Release|x64
		{487A123C-3F52-45E5-BC1A-7B1D4A6C7F48}.Release|x86.ActiveCfg = Release|Win32
		{487A123C-3F52-45E5-BC1A-7B1D4A6C7F48}.Release|x86.Build.0 = Release|Win32
		{71A27CC4-479F-4C30-BF25-C0B4A62348F0}.Debug|x64.ActiveCfg = Debug|x64
		{71A27CC4-479F-4C30-BF25-C0B4A62348F0}.Debug|x64.Build.0 = Debug|x64
		{71A27CC4-479F-4C30-BF25-C0B4A62348F0}.Debug|x86.ActiveCfg = Debug|Win32
		{71A27CC4-479F-4C30-BF25-C0B4A62348F0}.Debug|x86.Build.0 = Debug|Win32
		{71A27CC4-479F-4C30-BF25-C0B4A62348F0}.Release|x64.ActiveCfg = Release|x64
		{71A27CC4-479F-4C30-BF25-C0B4A62348F0}.Release|x64.Build.0 = Release|x64
		{71A27CC4-479F-4C30-BF25-C0B4A62348F0}.Release|x86.ActiveCfg = Release|Win32
		{71A27CC4-479F-4C30-BF25-C0B4A62348F0}.Release|x86.Build.0 = Release|Win32
		{E9709B15-4329-4C46-A1CF-1357F28ED305}.Debug|x64.ActiveCfg = Debug|x64
		{E9709B15-4329-4C46-A1CF-1357F28ED305}.Debug|x64.Build.0 = Debug|x64
		{E9709B15-4329-4C46-A1CF-1357F28ED305}.Debug|x86.ActiveCfg = Debug|Win32
		{E9709B15-4329-4C46-A1CF-1357F28ED305}.Debug|x86.Build.0 = Debug|Win32
		{E9709B15-4329-4C46-A1CF-1357F28ED305}.Release|x64.ActiveCfg = Release|x64
		{E9709B15-4329-4C46-A1CF-1357F28ED305}.Release|x64.Build.0 = Release|x64
		{E9709B15-4329-4C46-A1CF-1357F28ED305}.Release|x86.ActiveCfg = Release|Win32
		{E9709B15-4329-4C46-A1CF-1357F28ED305}.Release|x86.Build.0 = Release|Win32
		{824B45BD-CB24-4BB1-8042-69EFF4584CFB}.Debug|x64.ActiveCfg = Debug|x64
		{824B45BD-CB24-4BB1-8042-69EFF4584CFB}.Debug|x64.Build.0 = Debug|x64
		{824B45BD-CB24-4BB1-8042-69EFF4584CFB}.Debug|x86.ActiveCfg = Debug|Win32
		{824B45BD-CB24-4BB1-8042-69EFF4584CFB}.Debug|x86.Build.0 = Debug|Win32
		{824B45BD-CB24-4BB1-8042-69EFF4584CFB}.Release|x64.ActiveCfg = Release|x64
		{824B45BD-CB24-4BB1-8042-69EFF4584CFB}.Release|x64.Build.0 = Release|x64
		{824B45BD-CB24-4BB1-8042-69EFF4584CFB}.Release|x86.ActiveCfg = Release|Win32
		{824B45BD-CB24-4BB1-8042-69EFF4584CFB}.Release|x86.Build.0 = Release|Win32
		{D943059A-62A6-4389-80D5-0524E8899196}.Debug|x64.ActiveCfg = Debug|x64
		{D943059A-62A6-4389-80D5-0524E8899196}.Debug|x64.Build.0 = Debug|x64
		{D943059A-62A6-4389-80D5-0524E8899196}.Debug|x86.ActiveCfg = Debug|Win32
		{D943059A-62A6-4389-80D5-0524E8899196}.Debug|x86.Build.0 = Debug|Win32
		{D943059A-62A6-4389-80D5-0524E8899196}.Release|x64.ActiveCfg = Release|x64
		{D943059A-62A6-4389-80D5-0524E8899196}.Release|x64.Build.0 = Release|x64
		{D943059A-62A6-4389-80D5-0524E8899196}.Release|x86.ActiveCfg = Release|Win32
		{D943059A-62A6-4389-80D5-0524E8899196}.Release|x86.Build.0 = Release|Win32
		{07C1D98D-E689-45C9-993E-A7F1EF8AD111}.Debug|x64.ActiveCfg = Debug|x64
		{07C1D98D-E689-45C9-993E-A7F1EF8AD111}.Debug|x64.Build.0 = Debug|x64
		{07C1D98D-E689-45C9-993E-A7F1EF8AD111}.Debug|x86.ActiveCfg = Debug|Win32
		{07C1D98D-E689-45C9-993E-A7F1EF8AD111}.Debug|x86.Build.0 = Debug|Win32
		{07C1D98D-E689-45C9-993E-A7F1EF8AD111}.Release|x64.ActiveCfg = Release|x64
		{07C1D98D-E689-45C9-993E-A7F1EF8AD111}.Release|x64.Build.0 = Release|x64
		{07C1D98D-E689-45C9-993E-A7F1EF8AD111}.Release|x86.ActiveCfg = Release|Win32
		{07C1D98D-E689-45C9-993E-A7F1EF8AD111}.Release|x86.Build.0 = Release|Win32
		{B72E8D96-BAEF-4CFE-A083-5D9ABD70026C}.Debug|x64.ActiveCfg = Debug|x64
		{B72E8D96-BAEF-4CFE-A083-5D9ABD70026C}.Debug|x64.Build.0 = Debug|x64
		{B72E8D96-BAEF-4CFE-A083-5D9ABD70026C}.Debug|x86.ActiveCfg = Debug|Win32
		{B72E8D96-BAEF-4CFE-A083-5D9ABD70026C}.Debug|x86.Build.0 = Debug|Win32
		{B72E8D96-BAEF-4CFE-A083-5D9ABD70026C}.Release|x64.ActiveCfg = Release|x64
		{B72E8D96-BAEF-4CFE-A083-5D9ABD70026C}.Release|x64.Build.0 = Release|x64
		{B72E8D96-BAEF-4CFE-A083-5D9ABD70026C}.Release|x86.ActiveCfg = Release|Win32
		{B72E8D96-BAEF-4CFE-A083-5D9ABD70026C}.Release|x86.Build.0 = Release|Win32
		{1E8E3F68-BFDB-4CDE-AE61-250465BA863C}.Debug|x64.ActiveCfg = Debug|x64
		{1E8E3F68-BFDB-4CDE-AE61-250465BA863C}.Debug|x64.Build.0 = Debug|x64
		{1E8E3F68-BFDB-4CDE-AE61-250465BA863C}.Debug|x86.ActiveCfg = Debug|Win32
		{1E8E3F68-BFDB-4CDE-AE61-250465BA863C}.Debug|x86.Build.0 = Debug|Win32
		{1E8E3F68-BFDB-4CDE-AE61-250465BA863C}.Release|x64.ActiveCfg = Release|x64
		{1E8E3F68-BFDB-4CDE-AE61-250465BA863C}.Release|x64.Build.0 = Release|x64
		{1E8E3F68-BFDB-4CDE-AE61-250465BA863C}.Release|x86.ActiveCfg = Release|Win32
		{1E8E3F68-BFDB-4CDE-AE61-250465BA863C}.Release|x86.Build.0 = Release|Win32
		{F51394D8-7B75-4242-817F-C7A27EAF6790}.Debug|x64.ActiveCfg = Debug|x64
		{F51394D8-7B75-4242-817F-C7A27EAF6790}.Debug|x64.Build.0 = Debug|x64
		{F51394D8-7B75-4242-817F-C7A27EAF6790}.Debug|x86.ActiveCfg = Debug|Win32
		{F51394D8-7B75-4242-817F-C7A27EAF6790}.Debug|x86.Build.0 = Debug|Win32
		{F51394D8-7B75-4242-817F-C7A27EAF6790}.Release|x64.ActiveCfg = Release|x64
		{F51394D8-7B75-4242-817F-C7A27EAF6790}.Release|x64.Build.0 = Release|x64
		{F51394D8-7B75-4242-817F-C7A27EAF6790}.Release|x86.ActiveCfg = Release|Win32
		{F51394D8-7B75-4242-817F-C7A27EAF6790}.Release|x86.Build.0 = Release|Win32
		{45535810-ED05-4B0D-9733-67F86445EC0A}.Debug|x64.ActiveCfg = Debug|x64
		{45535810-ED05-4B0D-9733-67F86445EC0A}.Debug|x64.Build.0 = Debug|x64
		{45535810-ED05-4B0D-9733-67F86445EC0A}.Debug|x86.ActiveCfg = Debug|Win32
		{45535810-ED05-4B0D-9733-67F86445EC0A}.Debug|x86.Build.0 = Debug|Win32
		{45535810-ED05-4B0D-9733-67F86445EC0A}.Release|x64.ActiveCfg = Release|x64
		{45535810-ED05-4B0D-9733-67F86445EC0A}.Release|x64.Build.0 = Release|x64
		{45535810-ED05-4B0D-9733-67F86445EC0A}.Release|x86.ActiveCfg = Release|Win32
		{45535810-ED05-4B0D-9733-67F86445EC0A}.Release|x86.Build.0 = Release|Win32
		{E4D2A9F4-E409-40C7-9177-E579FE1D63F4}.Debug|x64.ActiveCfg = Debug|x64
		{E4D2A9F4-E409-40C7-9177-E579FE1D63F4}.Debug|x64.Build.0 = Debug|x64
		{E4D2A9F4-E409-40C7-9177-E579FE1D63F4}.Debug|x86.ActiveCfg = Debug|Win32
		{E4D2A9F4-E409-40C7-9177-E579FE1D63F4}.Debug|x86.Build.0 = Debug|Win32
		{E4D2A9F4-E409-40C7-9177-E579FE1D63F4}.Release|x64.ActiveCfg = Release|x64
		{E4D2A9F4-E409-40C7-9177-E579FE1D63F4}.Release|x64.Build.0 = Release|x64
		{E4D2A9F4-E409-40C7-9177-E579FE1D63F4}.Release|x86.ActiveCfg = Release|Win32
		{E4D2A9F4-E409-40C7-9177-E579FE1D63F4}.Release|x86.Build.0 = Release|Win32
		{67D976D0-2222-4E5B-B5E4-0A549F69D30E}.Debug|x64.ActiveCfg = Debug|x64
		{67D976D0-2222-4E5B-B5E4-0A549F69D30E}.Debug|x64.Build.0 = Debug|x64
		{67D976D0-2222-4E5B-B5E4-0A549F69D30E}.Debug|x86.ActiveCfg = Debug|Win32
		{67D976D0-2222-4E5B-B5E4-0A549F69D30E}.Debug|x86.Build.0 = Debug|Win32
		{67D976D0-2222-4E5B-B5E4-0A549F69D30E}.Release|x64.ActiveCfg = Release|x64
		{67D976D0-2222-4E5B-B5E4-0A549F69D30E}.Release|x64.Build.0 = Release|x64
		{67D976D0-2222-4E5B-B5E4-0A549F69D30E}.Release|x86.ActiveCfg = Release|Win32
		{67D976D0-2222-4E5B-B5E4-0A549F69D30E}.Release|x86.Build.0 = Release|Win32
		{581E1204-ADF1-48D8-A137-81C8197F0EF7}.Debug|x64.ActiveCfg = Debug|x64
		{581E1204-ADF1-48D8-A137-81C8197F0EF7}.Debug|x64.Build.0 = Debug|x64
		{581E1204-ADF1-48D8-A137-81C8197F0EF7}.Debug|x86.ActiveCfg = Debug|Win32
		{581E1204-ADF1-48D8-A137-81C8197F0EF7}.Debug|x86.Build.0 = Debug|Win32
		{581E1204-ADF1-48D8-A137-81C8197F0EF7}.Release|x64.ActiveCfg = Release|x64
		{581E1204-ADF1-48D8-A137-81C8197F0EF7}.Release|x64.Build.0 = Release|x64
		{581E1204-ADF1-48D8-A137-81C8197F0EF7}.Release|x86.ActiveCfg = Release|Win32
		{581E1204-ADF1-48D8-A137-81C8197F0EF7}.Release|x86.Build.0 = Release|Win32
	EndGlobalSection
	GlobalSection(SolutionProperties) = preSolution
		HideSolutionNode = FALSE
	EndGlobalSection
	GlobalSection(ExtensibilityGlobals) = postSolution
		SolutionGuid = {FA0BCFDC-C595-428B-BE81-D9760F9A9CFC}
	EndGlobalSection
EndGlobal
